// !$*UTF8*$!
{
	archiveVersion = 1;
	classes = {
	};
	objectVersion = 50;
	objects = {

/* Begin PBXBuildFile section */
		C392EBE52183B20600F6D20C /* main.c in Sources */ = {isa = PBXBuildFile; fileRef = C392EBE42183B20600F6D20C /* main.c */; };
		C392EBED2183B22700F6D20C /* MyoDataCollector.c in Sources */ = {isa = PBXBuildFile; fileRef = C392EBEC2183B22700F6D20C /* MyoDataCollector.c */; };
		C3D30D502184FFBE003F264F /* MyoHand.c in Sources */ = {isa = PBXBuildFile; fileRef = C3D30D4E2184FA30003F264F /* MyoHand.c */; };
/* End PBXBuildFile section */

/* Begin PBXCopyFilesBuildPhase section */
		C392EBDF2183B20600F6D20C /* CopyFiles */ = {
			isa = PBXCopyFilesBuildPhase;
			buildActionMask = 2147483647;
			dstPath = /usr/share/man/man1/;
			dstSubfolderSpec = 0;
			files = (
			);
			runOnlyForDeploymentPostprocessing = 1;
		};
/* End PBXCopyFilesBuildPhase section */

/* Begin PBXFileReference section */
		C392EBE12183B20600F6D20C /* MyoSensor */ = {isa = PBXFileReference; explicitFileType = "compiled.mach-o.executable"; includeInIndex = 0; path = MyoSensor; sourceTree = BUILT_PRODUCTS_DIR; };
		C392EBE42183B20600F6D20C /* main.c */ = {isa = PBXFileReference; lastKnownFileType = sourcecode.c.c; path = main.c; sourceTree = "<group>"; };
		C392EBEB2183B22700F6D20C /* MyoDataCollector.h */ = {isa = PBXFileReference; lastKnownFileType = sourcecode.c.h; path = MyoDataCollector.h; sourceTree = "<group>"; };
		C392EBEC2183B22700F6D20C /* MyoDataCollector.c */ = {isa = PBXFileReference; lastKnownFileType = sourcecode.c.c; path = MyoDataCollector.c; sourceTree = "<group>"; };
		C3D30D4D2184FA30003F264F /* MyoHand.h */ = {isa = PBXFileReference; lastKnownFileType = sourcecode.c.h; path = MyoHand.h; sourceTree = "<group>"; };
		C3D30D4E2184FA30003F264F /* MyoHand.c */ = {isa = PBXFileReference; lastKnownFileType = sourcecode.c.c; path = MyoHand.c; sourceTree = "<group>"; };
/* End PBXFileReference section */

/* Begin PBXFrameworksBuildPhase section */
		C392EBDE2183B20600F6D20C /* Frameworks */ = {
			isa = PBXFrameworksBuildPhase;
			buildActionMask = 2147483647;
			files = (
			);
			runOnlyForDeploymentPostprocessing = 0;
		};
/* End PBXFrameworksBuildPhase section */

/* Begin PBXGroup section */
		C392EBD82183B20600F6D20C = {
			isa = PBXGroup;
			children = (
				C392EBE32183B20600F6D20C /* MyoSensor */,
				C392EBE22183B20600F6D20C /* Products */,
			);
			sourceTree = "<group>";
		};
		C392EBE22183B20600F6D20C /* Products */ = {
			isa = PBXGroup;
			children = (
				C392EBE12183B20600F6D20C /* MyoSensor */,
			);
			name = Products;
			sourceTree = "<group>";
		};
		C392EBE32183B20600F6D20C /* MyoSensor */ = {
			isa = PBXGroup;
			children = (
				C392EBE42183B20600F6D20C /* main.c */,
				C392EBEB2183B22700F6D20C /* MyoDataCollector.h */,
				C392EBEC2183B22700F6D20C /* MyoDataCollector.c */,
				C3D30D4D2184FA30003F264F /* MyoHand.h */,
				C3D30D4E2184FA30003F264F /* MyoHand.c */,
			);
			path = MyoSensor;
			sourceTree = "<group>";
		};
/* End PBXGroup section */

/* Begin PBXNativeTarget section */
		C392EBE02183B20600F6D20C /* MyoSensor */ = {
			isa = PBXNativeTarget;
			buildConfigurationList = C392EBE82183B20600F6D20C /* Build configuration list for PBXNativeTarget "MyoSensor" */;
			buildPhases = (
				C392EBDD2183B20600F6D20C /* Sources */,
				C392EBDE2183B20600F6D20C /* Frameworks */,
				C392EBDF2183B20600F6D20C /* CopyFiles */,
			);
			buildRules = (
			);
			dependencies = (
			);
			name = MyoSensor;
			productName = MyoSensor;
			productReference = C392EBE12183B20600F6D20C /* MyoSensor */;
			productType = "com.apple.product-type.tool";
		};
/* End PBXNativeTarget section */

/* Begin PBXProject section */
		C392EBD92183B20600F6D20C /* Project object */ = {
			isa = PBXProject;
			attributes = {
				LastUpgradeCheck = 1000;
				ORGANIZATIONNAME = "Hector Dominguez";
				TargetAttributes = {
					C392EBE02183B20600F6D20C = {
						CreatedOnToolsVersion = 10.0;
					};
				};
			};
			buildConfigurationList = C392EBDC2183B20600F6D20C /* Build configuration list for PBXProject "MyoSensor" */;
			compatibilityVersion = "Xcode 9.3";
			developmentRegion = en;
			hasScannedForEncodings = 0;
			knownRegions = (
				en,
			);
			mainGroup = C392EBD82183B20600F6D20C;
			productRefGroup = C392EBE22183B20600F6D20C /* Products */;
			projectDirPath = "";
			projectRoot = "";
			targets = (
				C392EBE02183B20600F6D20C /* MyoSensor */,
			);
		};
/* End PBXProject section */

/* Begin PBXSourcesBuildPhase section */
		C392EBDD2183B20600F6D20C /* Sources */ = {
			isa = PBXSourcesBuildPhase;
			buildActionMask = 2147483647;
			files = (
				C3D30D502184FFBE003F264F /* MyoHand.c in Sources */,
				C392EBE52183B20600F6D20C /* main.c in Sources */,
				C392EBED2183B22700F6D20C /* MyoDataCollector.c in Sources */,
			);
			runOnlyForDeploymentPostprocessing = 0;
		};
/* End PBXSourcesBuildPhase section */

/* Begin XCBuildConfiguration section */
		C392EBE62183B20600F6D20C /* Debug */ = {
			isa = XCBuildConfiguration;
			buildSettings = {
				ALWAYS_SEARCH_USER_PATHS = NO;
				CLANG_ANALYZER_NONNULL = YES;
				CLANG_ANALYZER_NUMBER_OBJECT_CONVERSION = YES_AGGRESSIVE;
				CLANG_CXX_LANGUAGE_STANDARD = "gnu++14";
				CLANG_CXX_LIBRARY = "libc++";
				CLANG_ENABLE_MODULES = YES;
				CLANG_ENABLE_OBJC_ARC = YES;
				CLANG_ENABLE_OBJC_WEAK = YES;
				CLANG_WARN_BLOCK_CAPTURE_AUTORELEASING = YES;
				CLANG_WARN_BOOL_CONVERSION = YES;
				CLANG_WARN_COMMA = YES;
				CLANG_WARN_CONSTANT_CONVERSION = YES;
				CLANG_WARN_DEPRECATED_OBJC_IMPLEMENTATIONS = YES;
				CLANG_WARN_DIRECT_OBJC_ISA_USAGE = YES_ERROR;
				CLANG_WARN_DOCUMENTATION_COMMENTS = YES;
				CLANG_WARN_EMPTY_BODY = YES;
				CLANG_WARN_ENUM_CONVERSION = YES;
				CLANG_WARN_INFINITE_RECURSION = YES;
				CLANG_WARN_INT_CONVERSION = YES;
				CLANG_WARN_NON_LITERAL_NULL_CONVERSION = YES;
				CLANG_WARN_OBJC_IMPLICIT_RETAIN_SELF = YES;
				CLANG_WARN_OBJC_LITERAL_CONVERSION = YES;
				CLANG_WARN_OBJC_ROOT_CLASS = YES_ERROR;
				CLANG_WARN_RANGE_LOOP_ANALYSIS = YES;
				CLANG_WARN_STRICT_PROTOTYPES = YES;
				CLANG_WARN_SUSPICIOUS_MOVE = YES;
				CLANG_WARN_UNGUARDED_AVAILABILITY = YES_AGGRESSIVE;
				CLANG_WARN_UNREACHABLE_CODE = YES;
				CLANG_WARN__DUPLICATE_METHOD_MATCH = YES;
				CODE_SIGN_IDENTITY = "-";
				COPY_PHASE_STRIP = NO;
				DEBUG_INFORMATION_FORMAT = dwarf;
				ENABLE_STRICT_OBJC_MSGSEND = YES;
				ENABLE_TESTABILITY = YES;
				GCC_C_LANGUAGE_STANDARD = gnu11;
				GCC_DYNAMIC_NO_PIC = NO;
				GCC_NO_COMMON_BLOCKS = YES;
				GCC_OPTIMIZATION_LEVEL = 0;
				GCC_PREPROCESSOR_DEFINITIONS = (
					"DEBUG=1",
					"$(inherited)",
				);
				GCC_WARN_64_TO_32_BIT_CONVERSION = YES;
				GCC_WARN_ABOUT_RETURN_TYPE = YES_ERROR;
				GCC_WARN_UNDECLARED_SELECTOR = YES;
				GCC_WARN_UNINITIALIZED_AUTOS = YES_AGGRESSIVE;
				GCC_WARN_UNUSED_FUNCTION = YES;
				GCC_WARN_UNUSED_VARIABLE = YES;
				MACOSX_DEPLOYMENT_TARGET = 10.14;
				MTL_ENABLE_DEBUG_INFO = INCLUDE_SOURCE;
				MTL_FAST_MATH = YES;
				ONLY_ACTIVE_ARCH = YES;
				SDKROOT = macosx;
			};
			name = Debug;
		};
		C392EBE72183B20600F6D20C /* Release */ = {
			isa = XCBuildConfiguration;
			buildSettings = {
				ALWAYS_SEARCH_USER_PATHS = NO;
				CLANG_ANALYZER_NONNULL = YES;
				CLANG_ANALYZER_NUMBER_OBJECT_CONVERSION = YES_AGGRESSIVE;
				CLANG_CXX_LANGUAGE_STANDARD = "gnu++14";
				CLANG_CXX_LIBRARY = "libc++";
				CLANG_ENABLE_MODULES = YES;
				CLANG_ENABLE_OBJC_ARC = YES;
				CLANG_ENABLE_OBJC_WEAK = YES;
				CLANG_WARN_BLOCK_CAPTURE_AUTORELEASING = YES;
				CLANG_WARN_BOOL_CONVERSION = YES;
				CLANG_WARN_COMMA = YES;
				CLANG_WARN_CONSTANT_CONVERSION = YES;
				CLANG_WARN_DEPRECATED_OBJC_IMPLEMENTATIONS = YES;
				CLANG_WARN_DIRECT_OBJC_ISA_USAGE = YES_ERROR;
				CLANG_WARN_DOCUMENTATION_COMMENTS = YES;
				CLANG_WARN_EMPTY_BODY = YES;
				CLANG_WARN_ENUM_CONVERSION = YES;
				CLANG_WARN_INFINITE_RECURSION = YES;
				CLANG_WARN_INT_CONVERSION = YES;
				CLANG_WARN_NON_LITERAL_NULL_CONVERSION = YES;
				CLANG_WARN_OBJC_IMPLICIT_RETAIN_SELF = YES;
				CLANG_WARN_OBJC_LITERAL_CONVERSION = YES;
				CLANG_WARN_OBJC_ROOT_CLASS = YES_ERROR;
				CLANG_WARN_RANGE_LOOP_ANALYSIS = YES;
				CLANG_WARN_STRICT_PROTOTYPES = YES;
				CLANG_WARN_SUSPICIOUS_MOVE = YES;
				CLANG_WARN_UNGUARDED_AVAILABILITY = YES_AGGRESSIVE;
				CLANG_WARN_UNREACHABLE_CODE = YES;
				CLANG_WARN__DUPLICATE_METHOD_MATCH = YES;
				CODE_SIGN_IDENTITY = "-";
				COPY_PHASE_STRIP = NO;
				DEBUG_INFORMATION_FORMAT = "dwarf-with-dsym";
				ENABLE_NS_ASSERTIONS = NO;
				ENABLE_STRICT_OBJC_MSGSEND = YES;
				GCC_C_LANGUAGE_STANDARD = gnu11;
				GCC_NO_COMMON_BLOCKS = YES;
				GCC_WARN_64_TO_32_BIT_CONVERSION = YES;
				GCC_WARN_ABOUT_RETURN_TYPE = YES_ERROR;
				GCC_WARN_UNDECLARED_SELECTOR = YES;
				GCC_WARN_UNINITIALIZED_AUTOS = YES_AGGRESSIVE;
				GCC_WARN_UNUSED_FUNCTION = YES;
				GCC_WARN_UNUSED_VARIABLE = YES;
				MACOSX_DEPLOYMENT_TARGET = 10.14;
				MTL_ENABLE_DEBUG_INFO = NO;
				MTL_FAST_MATH = YES;
				SDKROOT = macosx;
			};
			name = Release;
		};
		C392EBE92183B20600F6D20C /* Debug */ = {
			isa = XCBuildConfiguration;
			buildSettings = {
				CODE_SIGN_STYLE = Automatic;
				PRODUCT_NAME = "$(TARGET_NAME)";
			};
			name = Debug;
		};
		C392EBEA2183B20600F6D20C /* Release */ = {
			isa = XCBuildConfiguration;
			buildSettings = {
				CODE_SIGN_STYLE = Automatic;
				PRODUCT_NAME = "$(TARGET_NAME)";
			};
			name = Release;
		};
/* End XCBuildConfiguration section */

/* Begin XCConfigurationList section */
		C392EBDC2183B20600F6D20C /* Build configuration list for PBXProject "MyoSensor" */ = {
			isa = XCConfigurationList;
			buildConfigurations = (
				C392EBE62183B20600F6D20C /* Debug */,
				C392EBE72183B20600F6D20C /* Release */,
			);
			defaultConfigurationIsVisible = 0;
			defaultConfigurationName = Release;
		};
		C392EBE82183B20600F6D20C /* Build configuration list for PBXNativeTarget "MyoSensor" */ = {
			isa = XCConfigurationList;
			buildConfigurations = (
				C392EBE92183B20600F6D20C /* Debug */,
				C392EBEA2183B20600F6D20C /* Release */,
			);
			defaultConfigurationIsVisible = 0;
			defaultConfigurationName = Release;
		};
/* End XCConfigurationList section */
	};
	rootObject = C392EBD92183B20600F6D20C /* Project object */;
}
